
Microsoft Visual Studio Solution File, Format Version 12.00
# Visual Studio Version 16
VisualStudioVersion = 16.0.31624.102
MinimumVisualStudioVersion = 10.0.40219.1
Project("{8BC9CEB8-8B4A-11D0-8D11-00A0C91BC942}") = "Laboratoranya_1", "Laboratoranya_1\Laboratoranya_1.vcxproj", "{784C8AA1-09EC-461F-9F00-C021E9B003B6}"
EndProject
Global
	GlobalSection(SolutionConfigurationPlatforms) = preSolution
		Debug|x64 = Debug|x64
		Debug|x86 = Debug|x86
		Release|x64 = Release|x64
		Release|x86 = Release|x86
	EndGlobalSection
	GlobalSection(ProjectConfigurationPlatforms) = postSolution
		{784C8AA1-09EC-461F-9F00-C021E9B003B6}.Debug|x64.ActiveCfg = Debug|x64
		{784C8AA1-09EC-461F-9F00-C021E9B003B6}.Debug|x64.Build.0 = Debug|x64
		{784C8AA1-09EC-461F-9F00-C021E9B003B6}.Debug|x86.ActiveCfg = Debug|Win32
		{784C8AA1-09EC-461F-9F00-C021E9B003B6}.Debug|x86.Build.0 = Debug|Win32
		{784C8AA1-09EC-461F-9F00-C021E9B003B6}.Release|x64.ActiveCfg = Release|x64
		{784C8AA1-09EC-461F-9F00-C021E9B003B6}.Release|x64.Build.0 = Release|x64
		{784C8AA1-09EC-461F-9F00-C021E9B003B6}.Release|x86.ActiveCfg = Release|Win32
		{784C8AA1-09EC-461F-9F00-C021E9B003B6}.Release|x86.Build.0 = Release|Win32
	EndGlobalSection
	GlobalSection(SolutionProperties) = preSolution
		HideSolutionNode = FALSE
	EndGlobalSection
	GlobalSection(ExtensibilityGlobals) = postSolution
		SolutionGuid = {0BE6E736-FEF9-4368-B850-D7CF2E50241F}
	EndGlobalSection
EndGlobal
